
Microsoft Visual Studio Solution File, Format Version 12.00
# Visual Studio Version 16
VisualStudioVersion = 16.0.31205.134
MinimumVisualStudioVersion = 10.0.40219.1
Project("{9A19103F-16F7-4668-BE54-9A1E7A4F7556}") = "NGK3", "NGK3\NGK3.csproj", "{93D9FD02-6EBB-436D-B5EF-80E1555F77C7}"
EndProject
Project("{FAE04EC0-301F-11D3-BF4B-00C04F79EFBC}") = "NGK3.Tests", "NGK3.Tests\NGK3.Tests.csproj", "{FC22C5A6-C123-48E3-85F1-7FAE9377191B}"
EndProject
Global
	GlobalSection(SolutionConfigurationPlatforms) = preSolution
		Debug|Any CPU = Debug|Any CPU
		Release|Any CPU = Release|Any CPU
	EndGlobalSection
	GlobalSection(ProjectConfigurationPlatforms) = postSolution
		{93D9FD02-6EBB-436D-B5EF-80E1555F77C7}.Debug|Any CPU.ActiveCfg = Debug|Any CPU
		{93D9FD02-6EBB-436D-B5EF-80E1555F77C7}.Debug|Any CPU.Build.0 = Debug|Any CPU
		{93D9FD02-6EBB-436D-B5EF-80E1555F77C7}.Release|Any CPU.ActiveCfg = Release|Any CPU
		{93D9FD02-6EBB-436D-B5EF-80E1555F77C7}.Release|Any CPU.Build.0 = Release|Any CPU
		{FC22C5A6-C123-48E3-85F1-7FAE9377191B}.Debug|Any CPU.ActiveCfg = Debug|Any CPU
		{FC22C5A6-C123-48E3-85F1-7FAE9377191B}.Debug|Any CPU.Build.0 = Debug|Any CPU
		{FC22C5A6-C123-48E3-85F1-7FAE9377191B}.Release|Any CPU.ActiveCfg = Release|Any CPU
		{FC22C5A6-C123-48E3-85F1-7FAE9377191B}.Release|Any CPU.Build.0 = Release|Any CPU
	EndGlobalSection
	GlobalSection(SolutionProperties) = preSolution
		HideSolutionNode = FALSE
	EndGlobalSection
	GlobalSection(ExtensibilityGlobals) = postSolution
		SolutionGuid = {AEF1DA1B-C0F1-4489-AFA0-820B1B69CFEF}
	EndGlobalSection
EndGlobal
